
Microsoft Visual Studio Solution File, Format Version 12.00
# Visual Studio 15
VisualStudioVersion = 15.0.28010.2026
MinimumVisualStudioVersion = 10.0.40219.1
Project("{FAE04EC0-301F-11D3-BF4B-00C04F79EFBC}") = "Labels", "Labels\Labels.csproj", "{354F752B-D3B3-4EEA-AF02-9E6121745BF8}"
EndProject
Project("{54435603-DBB4-11D2-8724-00A0C9A8B90C}") = "Installer", "Installer\Installer.vdproj", "{99D17782-CB53-4466-8417-3105F2C9CDA7}"
EndProject
Global
	GlobalSection(SolutionConfigurationPlatforms) = preSolution
		Debug|Any CPU = Debug|Any CPU
		Release|Any CPU = Release|Any CPU
	EndGlobalSection
	GlobalSection(ProjectConfigurationPlatforms) = postSolution
		{354F752B-D3B3-4EEA-AF02-9E6121745BF8}.Debug|Any CPU.ActiveCfg = Debug|Any CPU
		{354F752B-D3B3-4EEA-AF02-9E6121745BF8}.Debug|Any CPU.Build.0 = Debug|Any CPU
		{354F752B-D3B3-4EEA-AF02-9E6121745BF8}.Release|Any CPU.ActiveCfg = Release|Any CPU
		{354F752B-D3B3-4EEA-AF02-9E6121745BF8}.Release|Any CPU.Build.0 = Release|Any CPU
		{99D17782-CB53-4466-8417-3105F2C9CDA7}.Debug|Any CPU.ActiveCfg = Debug
		{99D17782-CB53-4466-8417-3105F2C9CDA7}.Release|Any CPU.ActiveCfg = Release
	EndGlobalSection
	GlobalSection(SolutionProperties) = preSolution
		HideSolutionNode = FALSE
	EndGlobalSection
	GlobalSection(ExtensibilityGlobals) = postSolution
		SolutionGuid = {3B24F4E4-CAB4-469D-BFE7-9D2DD8DF6281}
	EndGlobalSection
EndGlobal
